
Microsoft Visual Studio Solution File, Format Version 12.00
# Visual Studio 2012
Project("{FAE04EC0-301F-11D3-BF4B-00C04F79EFBC}") = "Network_Tools", "Network_Tools\Network_Tools.csproj", "{BFBC4DD2-74E5-4778-9436-1E7B51D1710C}"
EndProject
Global
	GlobalSection(SolutionConfigurationPlatforms) = preSolution
		Debug|Any CPU = Debug|Any CPU
		Release|Any CPU = Release|Any CPU
	EndGlobalSection
	GlobalSection(ProjectConfigurationPlatforms) = postSolution
		{BFBC4DD2-74E5-4778-9436-1E7B51D1710C}.Debug|Any CPU.ActiveCfg = Debug|Any CPU
		{BFBC4DD2-74E5-4778-9436-1E7B51D1710C}.Debug|Any CPU.Build.0 = Debug|Any CPU
		{BFBC4DD2-74E5-4778-9436-1E7B51D1710C}.Release|Any CPU.ActiveCfg = Release|Any CPU
		{BFBC4DD2-74E5-4778-9436-1E7B51D1710C}.Release|Any CPU.Build.0 = Release|Any CPU
	EndGlobalSection
	GlobalSection(SolutionProperties) = preSolution
		HideSolutionNode = FALSE
	EndGlobalSection
EndGlobal
